
Microsoft Visual Studio Solution File, Format Version 12.00
# Visual Studio Version 16
VisualStudioVersion = 16.0.31515.178
MinimumVisualStudioVersion = 10.0.40219.1
Project("{FAE04EC0-301F-11D3-BF4B-00C04F79EFBC}") = "SeekAndArchive", "SeekAndArchive\SeekAndArchive.csproj", "{B1909A31-DEF4-4052-84BD-8142C708EDE7}"
EndProject
Global
	GlobalSection(SolutionConfigurationPlatforms) = preSolution
		Debug|Any CPU = Debug|Any CPU
		Release|Any CPU = Release|Any CPU
	EndGlobalSection
	GlobalSection(ProjectConfigurationPlatforms) = postSolution
		{B1909A31-DEF4-4052-84BD-8142C708EDE7}.Debug|Any CPU.ActiveCfg = Debug|Any CPU
		{B1909A31-DEF4-4052-84BD-8142C708EDE7}.Debug|Any CPU.Build.0 = Debug|Any CPU
		{B1909A31-DEF4-4052-84BD-8142C708EDE7}.Release|Any CPU.ActiveCfg = Release|Any CPU
		{B1909A31-DEF4-4052-84BD-8142C708EDE7}.Release|Any CPU.Build.0 = Release|Any CPU
	EndGlobalSection
	GlobalSection(SolutionProperties) = preSolution
		HideSolutionNode = FALSE
	EndGlobalSection
	GlobalSection(ExtensibilityGlobals) = postSolution
		SolutionGuid = {35F09EC5-9C3F-45DA-AECE-9351D14B870C}
	EndGlobalSection
EndGlobal
